
Microsoft Visual Studio Solution File, Format Version 12.00
# Visual Studio 15
Project("{FAE04EC0-301F-11D3-BF4B-00C04F79EFBC}") = "UnityEngine.TestRunner", "UnityEngine.TestRunner.csproj", "{BF64DC56-BFFD-6F34-208C-1CD007DBDEAA}"
EndProject
Project("{FAE04EC0-301F-11D3-BF4B-00C04F79EFBC}") = "UnityEngine.UI", "UnityEngine.UI.csproj", "{3639085B-312B-14B5-44FA-74BF7162411A}"
EndProject
Project("{FAE04EC0-301F-11D3-BF4B-00C04F79EFBC}") = "Unity.VisualScripting.State", "Unity.VisualScripting.State.csproj", "{FB9F647E-C34E-C717-E09F-F957B42AF824}"
EndProject
Project("{FAE04EC0-301F-11D3-BF4B-00C04F79EFBC}") = "Unity.VisualScripting.Core", "Unity.VisualScripting.Core.csproj", "{9CBBDC70-0154-CD7A-B125-FD0D4B2A27FA}"
EndProject
Project("{FAE04EC0-301F-11D3-BF4B-00C04F79EFBC}") = "Unity.VisualScripting.Flow", "Unity.VisualScripting.Flow.csproj", "{6ED2ABEA-48E1-BCDE-DE55-2DB2272803EC}"
EndProject
Project("{FAE04EC0-301F-11D3-BF4B-00C04F79EFBC}") = "Unity.TextMeshPro", "Unity.TextMeshPro.csproj", "{F699255A-4C66-2B95-54E8-C33549AC52CF}"
EndProject
Project("{FAE04EC0-301F-11D3-BF4B-00C04F79EFBC}") = "Unity.Timeline", "Unity.Timeline.csproj", "{BC710DCC-A06D-0C6A-C261-03A9A01DC6F7}"
EndProject
Project("{FAE04EC0-301F-11D3-BF4B-00C04F79EFBC}") = "Unity.Postprocessing.Runtime", "Unity.Postprocessing.Runtime.csproj", "{A390F31D-D6F1-7392-36E2-6B3EEC642E9E}"
EndProject
Project("{FAE04EC0-301F-11D3-BF4B-00C04F79EFBC}") = "Assembly-CSharp", "Assembly-CSharp.csproj", "{77537896-A19F-E976-C19A-F7A9F9B22F4F}"
EndProject
Project("{FAE04EC0-301F-11D3-BF4B-00C04F79EFBC}") = "Unity.PlasticSCM.Editor", "Unity.PlasticSCM.Editor.csproj", "{5B1AF14E-87DF-A8E5-EFE4-AE0D94E1166F}"
EndProject
Project("{FAE04EC0-301F-11D3-BF4B-00C04F79EFBC}") = "Unity.VisualScripting.Core.Editor", "Unity.VisualScripting.Core.Editor.csproj", "{CEEFD29D-D750-71AE-608F-8A4BB26370E0}"
EndProject
Project("{FAE04EC0-301F-11D3-BF4B-00C04F79EFBC}") = "Unity.VisualStudio.Editor", "Unity.VisualStudio.Editor.csproj", "{17DCD22C-A840-ACA4-EF38-23D2821581E4}"
EndProject
Project("{FAE04EC0-301F-11D3-BF4B-00C04F79EFBC}") = "Unity.Timeline.Editor", "Unity.Timeline.Editor.csproj", "{94EF15FA-8559-E085-9E78-EC1E2F25CE72}"
EndProject
Project("{FAE04EC0-301F-11D3-BF4B-00C04F79EFBC}") = "Unity.VisualScripting.State.Editor", "Unity.VisualScripting.State.Editor.csproj", "{7FF6D227-3F50-70AE-A96A-18B156F4D1C2}"
EndProject
Project("{FAE04EC0-301F-11D3-BF4B-00C04F79EFBC}") = "Unity.TextMeshPro.Editor", "Unity.TextMeshPro.Editor.csproj", "{FF4B90E5-7F32-C988-295A-6B156731A59B}"
EndProject
Project("{FAE04EC0-301F-11D3-BF4B-00C04F79EFBC}") = "VSSettingsProvider", "VSSettingsProvider.csproj", "{1C2B65C9-996E-8996-FFE6-9A0F3B7F728E}"
EndProject
Project("{FAE04EC0-301F-11D3-BF4B-00C04F79EFBC}") = "Unity.CollabProxy.Editor", "Unity.CollabProxy.Editor.csproj", "{2CA9BC14-BED9-C99E-D9F3-BFE62817E386}"
EndProject
Project("{FAE04EC0-301F-11D3-BF4B-00C04F79EFBC}") = "Unity.Postprocessing.Editor", "Unity.Postprocessing.Editor.csproj", "{8C4D701D-6C1F-65FD-95F8-15860A204F8C}"
EndProject
Project("{FAE04EC0-301F-11D3-BF4B-00C04F79EFBC}") = "UnityEditor.TestRunner", "UnityEditor.TestRunner.csproj", "{762A3237-06C2-480D-FEB3-2F311DE1D033}"
EndProject
Project("{FAE04EC0-301F-11D3-BF4B-00C04F79EFBC}") = "Unity.VisualScripting.Flow.Editor", "Unity.VisualScripting.Flow.Editor.csproj", "{43C5BA25-2D9B-9542-8B49-47EA138390F9}"
EndProject
Project("{FAE04EC0-301F-11D3-BF4B-00C04F79EFBC}") = "Unity.Rider.Editor", "Unity.Rider.Editor.csproj", "{BABC08CE-D4C1-1E5B-BC21-E7A6A25D0C33}"
EndProject
Project("{FAE04EC0-301F-11D3-BF4B-00C04F79EFBC}") = "Unity.VSCode.Editor", "Unity.VSCode.Editor.csproj", "{E88ACA58-DD13-F7A5-B652-06B0960BBE41}"
EndProject
Project("{FAE04EC0-301F-11D3-BF4B-00C04F79EFBC}") = "UnityEditor.UI", "UnityEditor.UI.csproj", "{7AA3F18C-5187-EB0A-008C-7D7A7ACE3E58}"
EndProject
Global
	GlobalSection(SolutionConfigurationPlatforms) = preSolution
		Debug|Any CPU = Debug|Any CPU
		Release|Any CPU = Release|Any CPU
	EndGlobalSection
	GlobalSection(ProjectConfigurationPlatforms) = postSolution
		{BF64DC56-BFFD-6F34-208C-1CD007DBDEAA}.Debug|Any CPU.ActiveCfg = Debug|Any CPU
		{BF64DC56-BFFD-6F34-208C-1CD007DBDEAA}.Debug|Any CPU.Build.0 = Debug|Any CPU
		{BF64DC56-BFFD-6F34-208C-1CD007DBDEAA}.Release|Any CPU.ActiveCfg = Release|Any CPU
		{BF64DC56-BFFD-6F34-208C-1CD007DBDEAA}.Release|Any CPU.Build.0 = Release|Any CPU
		{3639085B-312B-14B5-44FA-74BF7162411A}.Debug|Any CPU.ActiveCfg = Debug|Any CPU
		{3639085B-312B-14B5-44FA-74BF7162411A}.Debug|Any CPU.Build.0 = Debug|Any CPU
		{3639085B-312B-14B5-44FA-74BF7162411A}.Release|Any CPU.ActiveCfg = Release|Any CPU
		{3639085B-312B-14B5-44FA-74BF7162411A}.Release|Any CPU.Build.0 = Release|Any CPU
		{FB9F647E-C34E-C717-E09F-F957B42AF824}.Debug|Any CPU.ActiveCfg = Debug|Any CPU
		{FB9F647E-C34E-C717-E09F-F957B42AF824}.Debug|Any CPU.Build.0 = Debug|Any CPU
		{FB9F647E-C34E-C717-E09F-F957B42AF824}.Release|Any CPU.ActiveCfg = Release|Any CPU
		{FB9F647E-C34E-C717-E09F-F957B42AF824}.Release|Any CPU.Build.0 = Release|Any CPU
		{9CBBDC70-0154-CD7A-B125-FD0D4B2A27FA}.Debug|Any CPU.ActiveCfg = Debug|Any CPU
		{9CBBDC70-0154-CD7A-B125-FD0D4B2A27FA}.Debug|Any CPU.Build.0 = Debug|Any CPU
		{9CBBDC70-0154-CD7A-B125-FD0D4B2A27FA}.Release|Any CPU.ActiveCfg = Release|Any CPU
		{9CBBDC70-0154-CD7A-B125-FD0D4B2A27FA}.Release|Any CPU.Build.0 = Release|Any CPU
		{6ED2ABEA-48E1-BCDE-DE55-2DB2272803EC}.Debug|Any CPU.ActiveCfg = Debug|Any CPU
		{6ED2ABEA-48E1-BCDE-DE55-2DB2272803EC}.Debug|Any CPU.Build.0 = Debug|Any CPU
		{6ED2ABEA-48E1-BCDE-DE55-2DB2272803EC}.Release|Any CPU.ActiveCfg = Release|Any CPU
		{6ED2ABEA-48E1-BCDE-DE55-2DB2272803EC}.Release|Any CPU.Build.0 = Release|Any CPU
		{F699255A-4C66-2B95-54E8-C33549AC52CF}.Debug|Any CPU.ActiveCfg = Debug|Any CPU
		{F699255A-4C66-2B95-54E8-C33549AC52CF}.Debug|Any CPU.Build.0 = Debug|Any CPU
		{F699255A-4C66-2B95-54E8-C33549AC52CF}.Release|Any CPU.ActiveCfg = Release|Any CPU
		{F699255A-4C66-2B95-54E8-C33549AC52CF}.Release|Any CPU.Build.0 = Release|Any CPU
		{BC710DCC-A06D-0C6A-C261-03A9A01DC6F7}.Debug|Any CPU.ActiveCfg = Debug|Any CPU
		{BC710DCC-A06D-0C6A-C261-03A9A01DC6F7}.Debug|Any CPU.Build.0 = Debug|Any CPU
		{BC710DCC-A06D-0C6A-C261-03A9A01DC6F7}.Release|Any CPU.ActiveCfg = Release|Any CPU
		{BC710DCC-A06D-0C6A-C261-03A9A01DC6F7}.Release|Any CPU.Build.0 = Release|Any CPU
		{A390F31D-D6F1-7392-36E2-6B3EEC642E9E}.Debug|Any CPU.ActiveCfg = Debug|Any CPU
		{A390F31D-D6F1-7392-36E2-6B3EEC642E9E}.Debug|Any CPU.Build.0 = Debug|Any CPU
		{A390F31D-D6F1-7392-36E2-6B3EEC642E9E}.Release|Any CPU.ActiveCfg = Release|Any CPU
		{A390F31D-D6F1-7392-36E2-6B3EEC642E9E}.Release|Any CPU.Build.0 = Release|Any CPU
		{77537896-A19F-E976-C19A-F7A9F9B22F4F}.Debug|Any CPU.ActiveCfg = Debug|Any CPU
		{77537896-A19F-E976-C19A-F7A9F9B22F4F}.Debug|Any CPU.Build.0 = Debug|Any CPU
		{77537896-A19F-E976-C19A-F7A9F9B22F4F}.Release|Any CPU.ActiveCfg = Release|Any CPU
		{77537896-A19F-E976-C19A-F7A9F9B22F4F}.Release|Any CPU.Build.0 = Release|Any CPU
		{5B1AF14E-87DF-A8E5-EFE4-AE0D94E1166F}.Debug|Any CPU.ActiveCfg = Debug|Any CPU
		{5B1AF14E-87DF-A8E5-EFE4-AE0D94E1166F}.Debug|Any CPU.Build.0 = Debug|Any CPU
		{5B1AF14E-87DF-A8E5-EFE4-AE0D94E1166F}.Release|Any CPU.ActiveCfg = Release|Any CPU
		{5B1AF14E-87DF-A8E5-EFE4-AE0D94E1166F}.Release|Any CPU.Build.0 = Release|Any CPU
		{CEEFD29D-D750-71AE-608F-8A4BB26370E0}.Debug|Any CPU.ActiveCfg = Debug|Any CPU
		{CEEFD29D-D750-71AE-608F-8A4BB26370E0}.Debug|Any CPU.Build.0 = Debug|Any CPU
		{CEEFD29D-D750-71AE-608F-8A4BB26370E0}.Release|Any CPU.ActiveCfg = Release|Any CPU
		{CEEFD29D-D750-71AE-608F-8A4BB26370E0}.Release|Any CPU.Build.0 = Release|Any CPU
		{17DCD22C-A840-ACA4-EF38-23D2821581E4}.Debug|Any CPU.ActiveCfg = Debug|Any CPU
		{17DCD22C-A840-ACA4-EF38-23D2821581E4}.Debug|Any CPU.Build.0 = Debug|Any CPU
		{17DCD22C-A840-ACA4-EF38-23D2821581E4}.Release|Any CPU.ActiveCfg = Release|Any CPU
		{17DCD22C-A840-ACA4-EF38-23D2821581E4}.Release|Any CPU.Build.0 = Release|Any CPU
		{94EF15FA-8559-E085-9E78-EC1E2F25CE72}.Debug|Any CPU.ActiveCfg = Debug|Any CPU
		{94EF15FA-8559-E085-9E78-EC1E2F25CE72}.Debug|Any CPU.Build.0 = Debug|Any CPU
		{94EF15FA-8559-E085-9E78-EC1E2F25CE72}.Release|Any CPU.ActiveCfg = Release|Any CPU
		{94EF15FA-8559-E085-9E78-EC1E2F25CE72}.Release|Any CPU.Build.0 = Release|Any CPU
		{7FF6D227-3F50-70AE-A96A-18B156F4D1C2}.Debug|Any CPU.ActiveCfg = Debug|Any CPU
		{7FF6D227-3F50-70AE-A96A-18B156F4D1C2}.Debug|Any CPU.Build.0 = Debug|Any CPU
		{7FF6D227-3F50-70AE-A96A-18B156F4D1C2}.Release|Any CPU.ActiveCfg = Release|Any CPU
		{7FF6D227-3F50-70AE-A96A-18B156F4D1C2}.Release|Any CPU.Build.0 = Release|Any CPU
		{FF4B90E5-7F32-C988-295A-6B156731A59B}.Debug|Any CPU.ActiveCfg = Debug|Any CPU
		{FF4B90E5-7F32-C988-295A-6B156731A59B}.Debug|Any CPU.Build.0 = Debug|Any CPU
		{FF4B90E5-7F32-C988-295A-6B156731A59B}.Release|Any CPU.ActiveCfg = Release|Any CPU
		{FF4B90E5-7F32-C988-295A-6B156731A59B}.Release|Any CPU.Build.0 = Release|Any CPU
		{1C2B65C9-996E-8996-FFE6-9A0F3B7F728E}.Debug|Any CPU.ActiveCfg = Debug|Any CPU
		{1C2B65C9-996E-8996-FFE6-9A0F3B7F728E}.Debug|Any CPU.Build.0 = Debug|Any CPU
		{1C2B65C9-996E-8996-FFE6-9A0F3B7F728E}.Release|Any CPU.ActiveCfg = Release|Any CPU
		{1C2B65C9-996E-8996-FFE6-9A0F3B7F728E}.Release|Any CPU.Build.0 = Release|Any CPU
		{2CA9BC14-BED9-C99E-D9F3-BFE62817E386}.Debug|Any CPU.ActiveCfg = Debug|Any CPU
		{2CA9BC14-BED9-C99E-D9F3-BFE62817E386}.Debug|Any CPU.Build.0 = Debug|Any CPU
		{2CA9BC14-BED9-C99E-D9F3-BFE62817E386}.Release|Any CPU.ActiveCfg = Release|Any CPU
		{2CA9BC14-BED9-C99E-D9F3-BFE62817E386}.Release|Any CPU.Build.0 = Release|Any CPU
		{8C4D701D-6C1F-65FD-95F8-15860A204F8C}.Debug|Any CPU.ActiveCfg = Debug|Any CPU
		{8C4D701D-6C1F-65FD-95F8-15860A204F8C}.Debug|Any CPU.Build.0 = Debug|Any CPU
		{8C4D701D-6C1F-65FD-95F8-15860A204F8C}.Release|Any CPU.ActiveCfg = Release|Any CPU
		{8C4D701D-6C1F-65FD-95F8-15860A204F8C}.Release|Any CPU.Build.0 = Release|Any CPU
		{762A3237-06C2-480D-FEB3-2F311DE1D033}.Debug|Any CPU.ActiveCfg = Debug|Any CPU
		{762A3237-06C2-480D-FEB3-2F311DE1D033}.Debug|Any CPU.Build.0 = Debug|Any CPU
		{762A3237-06C2-480D-FEB3-2F311DE1D033}.Release|Any CPU.ActiveCfg = Release|Any CPU
		{762A3237-06C2-480D-FEB3-2F311DE1D033}.Release|Any CPU.Build.0 = Release|Any CPU
		{43C5BA25-2D9B-9542-8B49-47EA138390F9}.Debug|Any CPU.ActiveCfg = Debug|Any CPU
		{43C5BA25-2D9B-9542-8B49-47EA138390F9}.Debug|Any CPU.Build.0 = Debug|Any CPU
		{43C5BA25-2D9B-9542-8B49-47EA138390F9}.Release|Any CPU.ActiveCfg = Release|Any CPU
		{43C5BA25-2D9B-9542-8B49-47EA138390F9}.Release|Any CPU.Build.0 = Release|Any CPU
		{BABC08CE-D4C1-1E5B-BC21-E7A6A25D0C33}.Debug|Any CPU.ActiveCfg = Debug|Any CPU
		{BABC08CE-D4C1-1E5B-BC21-E7A6A25D0C33}.Debug|Any CPU.Build.0 = Debug|Any CPU
		{BABC08CE-D4C1-1E5B-BC21-E7A6A25D0C33}.Release|Any CPU.ActiveCfg = Release|Any CPU
		{BABC08CE-D4C1-1E5B-BC21-E7A6A25D0C33}.Release|Any CPU.Build.0 = Release|Any CPU
		{E88ACA58-DD13-F7A5-B652-06B0960BBE41}.Debug|Any CPU.ActiveCfg = Debug|Any CPU
		{E88ACA58-DD13-F7A5-B652-06B0960BBE41}.Debug|Any CPU.Build.0 = Debug|Any CPU
		{E88ACA58-DD13-F7A5-B652-06B0960BBE41}.Release|Any CPU.ActiveCfg = Release|Any CPU
		{E88ACA58-DD13-F7A5-B652-06B0960BBE41}.Release|Any CPU.Build.0 = Release|Any CPU
		{7AA3F18C-5187-EB0A-008C-7D7A7ACE3E58}.Debug|Any CPU.ActiveCfg = Debug|Any CPU
		{7AA3F18C-5187-EB0A-008C-7D7A7ACE3E58}.Debug|Any CPU.Build.0 = Debug|Any CPU
		{7AA3F18C-5187-EB0A-008C-7D7A7ACE3E58}.Release|Any CPU.ActiveCfg = Release|Any CPU
		{7AA3F18C-5187-EB0A-008C-7D7A7ACE3E58}.Release|Any CPU.Build.0 = Release|Any CPU
	EndGlobalSection
	GlobalSection(SolutionProperties) = preSolution
		HideSolutionNode = FALSE
	EndGlobalSection
EndGlobal
